// !$*UTF8*$!
{
	archiveVersion = 1;
	classes = {
	};
	objectVersion = 54;
	objects = {

/* Begin PBXBuildFile section */
		133C6B52AF1E57AD12F6F7D1 /* Networking.framework in Frameworks */ = {isa = PBXBuildFile; fileRef = 94F13871607145836BD91DF1 /* Networking.framework */; };
		3B8A8604A5505C406E9C8197 /* Networking.framework in Embed Frameworks */ = {isa = PBXBuildFile; fileRef = 94F13871607145836BD91DF1 /* Networking.framework */; settings = {ATTRIBUTES = (CodeSignOnCopy, RemoveHeadersOnCopy, ); }; };
		636F19C91AEBCEE8CC097A6B /* UI.framework in Embed Frameworks */ = {isa = PBXBuildFile; fileRef = A5A1A5BBFDFF4C9F91C5C10C /* UI.framework */; settings = {ATTRIBUTES = (CodeSignOnCopy, RemoveHeadersOnCopy, ); }; };
		AE419246324FBB33BCA03AC1 /* UI.framework in Frameworks */ = {isa = PBXBuildFile; fileRef = A5A1A5BBFDFF4C9F91C5C10C /* UI.framework */; };
/* End PBXBuildFile section */

/* Begin PBXContainerItemProxy section */
		3D3AA99A36EF93E512944DD9 /* PBXContainerItemProxy */ = {
			isa = PBXContainerItemProxy;
			containerPortal = B8932609957E883EF1DEBB87 /* UI */;
			proxyType = 1;
			remoteGlobalIDString = A71F8DD2A4C18857FFBFF581;
			remoteInfo = UI;
		};
		5192271E6C2261232CFFBB24 /* PBXContainerItemProxy */ = {
			isa = PBXContainerItemProxy;
			containerPortal = FF0DB3DE9FAA6ABDCFCE6722 /* Networking */;
			proxyType = 1;
			remoteGlobalIDString = F37FCD8E01CA56BB3BD87FD6;
			remoteInfo = NetworkingTests;
		};
		603A7511BAA4B3F6A628E229 /* PBXContainerItemProxy */ = {
			isa = PBXContainerItemProxy;
			containerPortal = 947F29BD922BA938D8EBB56A /* Project object */;
			proxyType = 1;
			remoteGlobalIDString = 65C487EC1D528FA575077F41;
			remoteInfo = TVSeriesApp;
		};
		7947153E608A43EFD9F40F6F /* PBXContainerItemProxy */ = {
			isa = PBXContainerItemProxy;
			containerPortal = B8932609957E883EF1DEBB87 /* UI */;
			proxyType = 2;
			remoteGlobalIDString = 299F893EA0E102E226A63030;
			remoteInfo = UI;
		};
		805EAB9CC09385136B39871A /* PBXContainerItemProxy */ = {
			isa = PBXContainerItemProxy;
			containerPortal = FF0DB3DE9FAA6ABDCFCE6722 /* Networking */;
			proxyType = 2;
			remoteGlobalIDString = CEB94AB396956A091A12E05B;
			remoteInfo = Networking;
		};
		83D8248FFA1C6E5A8C1D9B3B /* PBXContainerItemProxy */ = {
			isa = PBXContainerItemProxy;
			containerPortal = 947F29BD922BA938D8EBB56A /* Project object */;
			proxyType = 1;
			remoteGlobalIDString = 65C487EC1D528FA575077F41;
			remoteInfo = TVSeriesApp;
		};
		A8095F6590249D7283ED41E3 /* PBXContainerItemProxy */ = {
			isa = PBXContainerItemProxy;
			containerPortal = FF0DB3DE9FAA6ABDCFCE6722 /* Networking */;
			proxyType = 1;
			remoteGlobalIDString = 1E63DC1CCC5B22B03E06E966;
			remoteInfo = Networking;
		};
		F7F4E2C74903B20806BB5E43 /* PBXContainerItemProxy */ = {
			isa = PBXContainerItemProxy;
			containerPortal = FF0DB3DE9FAA6ABDCFCE6722 /* Networking */;
			proxyType = 2;
			remoteGlobalIDString = C28CA6C82EF4E4680A851764;
			remoteInfo = NetworkingTests;
		};
/* End PBXContainerItemProxy section */

/* Begin PBXCopyFilesBuildPhase section */
		09A186736293161B1CAAD98F /* Embed Frameworks */ = {
			isa = PBXCopyFilesBuildPhase;
			buildActionMask = 2147483647;
			dstPath = "";
			dstSubfolderSpec = 10;
			files = (
				3B8A8604A5505C406E9C8197 /* Networking.framework in Embed Frameworks */,
				636F19C91AEBCEE8CC097A6B /* UI.framework in Embed Frameworks */,
			);
			name = "Embed Frameworks";
			runOnlyForDeploymentPostprocessing = 0;
		};
/* End PBXCopyFilesBuildPhase section */

/* Begin PBXFileReference section */
		56C116AB672407890BF5FE03 /* TVSeriesApp.app */ = {isa = PBXFileReference; includeInIndex = 0; lastKnownFileType = wrapper.application; path = TVSeriesApp.app; sourceTree = BUILT_PRODUCTS_DIR; };
		7D67B62EC6233D371904D2BF /* Info.plist */ = {isa = PBXFileReference; lastKnownFileType = text.plist; path = Info.plist; sourceTree = "<group>"; };
		A147B8F99966567073A6CC7D /* TVSeriesCI.xctest */ = {isa = PBXFileReference; includeInIndex = 0; lastKnownFileType = wrapper.cfbundle; path = TVSeriesCI.xctest; sourceTree = BUILT_PRODUCTS_DIR; };
		B8932609957E883EF1DEBB87 /* UI */ = {isa = PBXFileReference; lastKnownFileType = "wrapper.pb-project"; name = UI; path = Modules/UI/UI.xcodeproj; sourceTree = "<group>"; };
		DE55BDC212CC4C9E315EBF7B /* TVSeriesAppTests.xctest */ = {isa = PBXFileReference; includeInIndex = 0; lastKnownFileType = wrapper.cfbundle; path = TVSeriesAppTests.xctest; sourceTree = BUILT_PRODUCTS_DIR; };
		F46B81FBB265CB46813425C3 /* Info.plist */ = {isa = PBXFileReference; lastKnownFileType = text.plist; path = Info.plist; sourceTree = "<group>"; };
		FF0DB3DE9FAA6ABDCFCE6722 /* Networking */ = {isa = PBXFileReference; lastKnownFileType = "wrapper.pb-project"; name = Networking; path = Modules/Networking/Networking.xcodeproj; sourceTree = "<group>"; };
/* End PBXFileReference section */

/* Begin PBXFrameworksBuildPhase section */
		9AA41C74650BBDD785E135EB /* Frameworks */ = {
			isa = PBXFrameworksBuildPhase;
			buildActionMask = 2147483647;
			files = (
				133C6B52AF1E57AD12F6F7D1 /* Networking.framework in Frameworks */,
				AE419246324FBB33BCA03AC1 /* UI.framework in Frameworks */,
			);
			runOnlyForDeploymentPostprocessing = 0;
		};
/* End PBXFrameworksBuildPhase section */

/* Begin PBXGroup section */
		26058C9BEA5DB8ABD295C6B2 /* Products */ = {
			isa = PBXGroup;
			children = (
				56C116AB672407890BF5FE03 /* TVSeriesApp.app */,
				DE55BDC212CC4C9E315EBF7B /* TVSeriesAppTests.xctest */,
				A147B8F99966567073A6CC7D /* TVSeriesCI.xctest */,
			);
			name = Products;
			sourceTree = "<group>";
		};
		29FADEBE1205C7CBF400D97D /* Products */ = {
			isa = PBXGroup;
			children = (
				94F13871607145836BD91DF1 /* Networking.framework */,
				AA6EB023F9B610F08B211BA7 /* NetworkingTests.xctest */,
			);
			name = Products;
			sourceTree = "<group>";
		};
		7D094D21E69ECAE240A1A44B /* Products */ = {
			isa = PBXGroup;
			children = (
				A5A1A5BBFDFF4C9F91C5C10C /* UI.framework */,
			);
			name = Products;
			sourceTree = "<group>";
		};
		A0F61AA83FEBCCAA4A4A061A /* Projects */ = {
			isa = PBXGroup;
			children = (
				FF0DB3DE9FAA6ABDCFCE6722 /* Networking */,
				B8932609957E883EF1DEBB87 /* UI */,
			);
			name = Projects;
			sourceTree = "<group>";
		};
		AA142479D82348938C2E23D7 /* Sources */ = {
			isa = PBXGroup;
			children = (
			);
			name = Sources;
			path = App/Sources;
			sourceTree = "<group>";
		};
		AF7FEA49D904B974FEE2BC1B = {
			isa = PBXGroup;
			children = (
				E6CE736715F28DC540556591 /* CI */,
				AA142479D82348938C2E23D7 /* Sources */,
				FBBC079E30DD87D80B2A6AA9 /* TVSeriesAppTests */,
				26058C9BEA5DB8ABD295C6B2 /* Products */,
				A0F61AA83FEBCCAA4A4A061A /* Projects */,
			);
			sourceTree = "<group>";
		};
		E6CE736715F28DC540556591 /* CI */ = {
			isa = PBXGroup;
			children = (
				7D67B62EC6233D371904D2BF /* Info.plist */,
			);
			name = CI;
			path = App/Tests/CI;
			sourceTree = "<group>";
		};
		FBBC079E30DD87D80B2A6AA9 /* TVSeriesAppTests */ = {
			isa = PBXGroup;
			children = (
				F46B81FBB265CB46813425C3 /* Info.plist */,
			);
			name = TVSeriesAppTests;
			path = App/Tests/TVSeriesAppTests;
			sourceTree = "<group>";
		};
		"TEMP_50B8A568-E07B-4829-8B2C-B82D88F0288D" /* Features */ = {
			isa = PBXGroup;
			children = (
			);
			path = Features;
			sourceTree = "<group>";
		};
		"TEMP_9B5E60B5-4707-4FA4-8F9C-78AF22CC3989" /* App */ = {
			isa = PBXGroup;
			children = (
			);
			path = App;
			sourceTree = "<group>";
		};
/* End PBXGroup section */

/* Begin PBXNativeTarget section */
		45280A1A7667C4431A915D6C /* TVSeriesAppTests */ = {
			isa = PBXNativeTarget;
			buildConfigurationList = 9A204F7CAFE7377122860C5F /* Build configuration list for PBXNativeTarget "TVSeriesAppTests" */;
			buildPhases = (
				C753F7EB98D35857321B8EAE /* Sources */,
			);
			buildRules = (
			);
			dependencies = (
				C6C71DEDF223E9D245292045 /* PBXTargetDependency */,
			);
			name = TVSeriesAppTests;
			packageProductDependencies = (
			);
			productName = TVSeriesAppTests;
			productReference = DE55BDC212CC4C9E315EBF7B /* TVSeriesAppTests.xctest */;
			productType = "com.apple.product-type.bundle.unit-test";
		};
		65C487EC1D528FA575077F41 /* TVSeriesApp */ = {
			isa = PBXNativeTarget;
			buildConfigurationList = E2AFB891C4F7EDC58BD567CC /* Build configuration list for PBXNativeTarget "TVSeriesApp" */;
			buildPhases = (
				F30D328E4757399F4782C766 /* Sources */,
				9AA41C74650BBDD785E135EB /* Frameworks */,
				09A186736293161B1CAAD98F /* Embed Frameworks */,
			);
			buildRules = (
			);
			dependencies = (
				EABBEB676738C9AF7DC2C522 /* PBXTargetDependency */,
				EA7BFA2893C1FC316E281893 /* PBXTargetDependency */,
			);
			name = TVSeriesApp;
			packageProductDependencies = (
			);
			productName = TVSeriesApp;
			productReference = 56C116AB672407890BF5FE03 /* TVSeriesApp.app */;
			productType = "com.apple.product-type.application";
		};
		D6964AA8EA33838D8EDD6531 /* TVSeriesCI */ = {
			isa = PBXNativeTarget;
			buildConfigurationList = F2540FFD0EC082B32DCA84BB /* Build configuration list for PBXNativeTarget "TVSeriesCI" */;
			buildPhases = (
				71E0B4C9F8DEF254E378BFEC /* Sources */,
			);
			buildRules = (
			);
			dependencies = (
				578FFACFC1B10954E75FE8C9 /* PBXTargetDependency */,
				8116812C6507B8726B52F1EC /* PBXTargetDependency */,
			);
			name = TVSeriesCI;
			packageProductDependencies = (
			);
			productName = TVSeriesCI;
			productReference = A147B8F99966567073A6CC7D /* TVSeriesCI.xctest */;
			productType = "com.apple.product-type.bundle.unit-test";
		};
/* End PBXNativeTarget section */

/* Begin PBXProject section */
		947F29BD922BA938D8EBB56A /* Project object */ = {
			isa = PBXProject;
			attributes = {
				BuildIndependentTargetsInParallel = YES;
				LastUpgradeCheck = 1430;
				TargetAttributes = {
				};
			};
			buildConfigurationList = 32F321AE8CEA0BD8756939BB /* Build configuration list for PBXProject "TVSeriesApp" */;
			compatibilityVersion = "Xcode 14.0";
			developmentRegion = en;
			hasScannedForEncodings = 0;
			knownRegions = (
				Base,
				en,
			);
			mainGroup = AF7FEA49D904B974FEE2BC1B;
			minimizedProjectReferenceProxies = 1;
			preferredProjectObjectVersion = 54;
			projectDirPath = "";
			projectReferences = (
				{
					ProductGroup = 29FADEBE1205C7CBF400D97D /* Products */;
					ProjectRef = FF0DB3DE9FAA6ABDCFCE6722 /* Networking */;
				},
				{
					ProductGroup = 7D094D21E69ECAE240A1A44B /* Products */;
					ProjectRef = B8932609957E883EF1DEBB87 /* UI */;
				},
			);
			projectRoot = "";
			targets = (
				65C487EC1D528FA575077F41 /* TVSeriesApp */,
				45280A1A7667C4431A915D6C /* TVSeriesAppTests */,
				D6964AA8EA33838D8EDD6531 /* TVSeriesCI */,
			);
		};
/* End PBXProject section */

/* Begin PBXReferenceProxy section */
		94F13871607145836BD91DF1 /* Networking.framework */ = {
			isa = PBXReferenceProxy;
			fileType = wrapper.framework;
			path = Networking.framework;
			remoteRef = 805EAB9CC09385136B39871A /* PBXContainerItemProxy */;
			sourceTree = BUILT_PRODUCTS_DIR;
		};
		A5A1A5BBFDFF4C9F91C5C10C /* UI.framework */ = {
			isa = PBXReferenceProxy;
			fileType = wrapper.framework;
			path = UI.framework;
			remoteRef = 7947153E608A43EFD9F40F6F /* PBXContainerItemProxy */;
			sourceTree = BUILT_PRODUCTS_DIR;
		};
		AA6EB023F9B610F08B211BA7 /* NetworkingTests.xctest */ = {
			isa = PBXReferenceProxy;
			fileType = wrapper.cfbundle;
			path = NetworkingTests.xctest;
			remoteRef = F7F4E2C74903B20806BB5E43 /* PBXContainerItemProxy */;
			sourceTree = BUILT_PRODUCTS_DIR;
		};
/* End PBXReferenceProxy section */

/* Begin PBXSourcesBuildPhase section */
		71E0B4C9F8DEF254E378BFEC /* Sources */ = {
			isa = PBXSourcesBuildPhase;
			buildActionMask = 2147483647;
			files = (
			);
			runOnlyForDeploymentPostprocessing = 0;
		};
		C753F7EB98D35857321B8EAE /* Sources */ = {
			isa = PBXSourcesBuildPhase;
			buildActionMask = 2147483647;
			files = (
			);
			runOnlyForDeploymentPostprocessing = 0;
		};
		F30D328E4757399F4782C766 /* Sources */ = {
			isa = PBXSourcesBuildPhase;
			buildActionMask = 2147483647;
			files = (
			);
			runOnlyForDeploymentPostprocessing = 0;
		};
/* End PBXSourcesBuildPhase section */

/* Begin PBXTargetDependency section */
		578FFACFC1B10954E75FE8C9 /* PBXTargetDependency */ = {
			isa = PBXTargetDependency;
			name = NetworkingTests;
			targetProxy = 5192271E6C2261232CFFBB24 /* PBXContainerItemProxy */;
		};
		8116812C6507B8726B52F1EC /* PBXTargetDependency */ = {
			isa = PBXTargetDependency;
			target = 65C487EC1D528FA575077F41 /* TVSeriesApp */;
			targetProxy = 603A7511BAA4B3F6A628E229 /* PBXContainerItemProxy */;
		};
		C6C71DEDF223E9D245292045 /* PBXTargetDependency */ = {
			isa = PBXTargetDependency;
			target = 65C487EC1D528FA575077F41 /* TVSeriesApp */;
			targetProxy = 83D8248FFA1C6E5A8C1D9B3B /* PBXContainerItemProxy */;
		};
		EA7BFA2893C1FC316E281893 /* PBXTargetDependency */ = {
			isa = PBXTargetDependency;
			name = UI;
			targetProxy = 3D3AA99A36EF93E512944DD9 /* PBXContainerItemProxy */;
		};
		EABBEB676738C9AF7DC2C522 /* PBXTargetDependency */ = {
			isa = PBXTargetDependency;
			name = Networking;
			targetProxy = A8095F6590249D7283ED41E3 /* PBXContainerItemProxy */;
		};
/* End PBXTargetDependency section */

/* Begin XCBuildConfiguration section */
		0F3002FCE63BF41A7507B191 /* Release */ = {
			isa = XCBuildConfiguration;
			buildSettings = {
				ALWAYS_SEARCH_USER_PATHS = NO;
				CLANG_ANALYZER_NONNULL = YES;
				CLANG_ANALYZER_NUMBER_OBJECT_CONVERSION = YES_AGGRESSIVE;
				CLANG_CXX_LANGUAGE_STANDARD = "gnu++14";
				CLANG_CXX_LIBRARY = "libc++";
				CLANG_ENABLE_MODULES = YES;
				CLANG_ENABLE_OBJC_ARC = YES;
				CLANG_ENABLE_OBJC_WEAK = YES;
				CLANG_WARN_BLOCK_CAPTURE_AUTORELEASING = YES;
				CLANG_WARN_BOOL_CONVERSION = YES;
				CLANG_WARN_COMMA = YES;
				CLANG_WARN_CONSTANT_CONVERSION = YES;
				CLANG_WARN_DEPRECATED_OBJC_IMPLEMENTATIONS = YES;
				CLANG_WARN_DIRECT_OBJC_ISA_USAGE = YES_ERROR;
				CLANG_WARN_DOCUMENTATION_COMMENTS = YES;
				CLANG_WARN_EMPTY_BODY = YES;
				CLANG_WARN_ENUM_CONVERSION = YES;
				CLANG_WARN_INFINITE_RECURSION = YES;
				CLANG_WARN_INT_CONVERSION = YES;
				CLANG_WARN_NON_LITERAL_NULL_CONVERSION = YES;
				CLANG_WARN_OBJC_IMPLICIT_RETAIN_SELF = YES;
				CLANG_WARN_OBJC_LITERAL_CONVERSION = YES;
				CLANG_WARN_OBJC_ROOT_CLASS = YES_ERROR;
				CLANG_WARN_QUOTED_INCLUDE_IN_FRAMEWORK_HEADER = YES;
				CLANG_WARN_RANGE_LOOP_ANALYSIS = YES;
				CLANG_WARN_STRICT_PROTOTYPES = YES;
				CLANG_WARN_SUSPICIOUS_MOVE = YES;
				CLANG_WARN_UNGUARDED_AVAILABILITY = YES_AGGRESSIVE;
				CLANG_WARN_UNREACHABLE_CODE = YES;
				CLANG_WARN__DUPLICATE_METHOD_MATCH = YES;
				COPY_PHASE_STRIP = NO;
				DEBUG_INFORMATION_FORMAT = "dwarf-with-dsym";
				ENABLE_NS_ASSERTIONS = NO;
				ENABLE_STRICT_OBJC_MSGSEND = YES;
				GCC_C_LANGUAGE_STANDARD = gnu11;
				GCC_NO_COMMON_BLOCKS = YES;
				GCC_WARN_64_TO_32_BIT_CONVERSION = YES;
				GCC_WARN_ABOUT_RETURN_TYPE = YES_ERROR;
				GCC_WARN_UNDECLARED_SELECTOR = YES;
				GCC_WARN_UNINITIALIZED_AUTOS = YES_AGGRESSIVE;
				GCC_WARN_UNUSED_FUNCTION = YES;
				GCC_WARN_UNUSED_VARIABLE = YES;
				IPHONEOS_DEPLOYMENT_TARGET = 15.0;
				MTL_ENABLE_DEBUG_INFO = NO;
				MTL_FAST_MATH = YES;
				PRODUCT_NAME = "$(TARGET_NAME)";
				SDKROOT = iphoneos;
				SWIFT_COMPILATION_MODE = wholemodule;
				SWIFT_OPTIMIZATION_LEVEL = "-O";
				SWIFT_VERSION = 5.0;
			};
			name = Release;
		};
		2028665A8421D52F5C271787 /* Debug */ = {
			isa = XCBuildConfiguration;
			buildSettings = {
				ALWAYS_SEARCH_USER_PATHS = NO;
				CLANG_ANALYZER_NONNULL = YES;
				CLANG_ANALYZER_NUMBER_OBJECT_CONVERSION = YES_AGGRESSIVE;
				CLANG_CXX_LANGUAGE_STANDARD = "gnu++14";
				CLANG_CXX_LIBRARY = "libc++";
				CLANG_ENABLE_MODULES = YES;
				CLANG_ENABLE_OBJC_ARC = YES;
				CLANG_ENABLE_OBJC_WEAK = YES;
				CLANG_WARN_BLOCK_CAPTURE_AUTORELEASING = YES;
				CLANG_WARN_BOOL_CONVERSION = YES;
				CLANG_WARN_COMMA = YES;
				CLANG_WARN_CONSTANT_CONVERSION = YES;
				CLANG_WARN_DEPRECATED_OBJC_IMPLEMENTATIONS = YES;
				CLANG_WARN_DIRECT_OBJC_ISA_USAGE = YES_ERROR;
				CLANG_WARN_DOCUMENTATION_COMMENTS = YES;
				CLANG_WARN_EMPTY_BODY = YES;
				CLANG_WARN_ENUM_CONVERSION = YES;
				CLANG_WARN_INFINITE_RECURSION = YES;
				CLANG_WARN_INT_CONVERSION = YES;
				CLANG_WARN_NON_LITERAL_NULL_CONVERSION = YES;
				CLANG_WARN_OBJC_IMPLICIT_RETAIN_SELF = YES;
				CLANG_WARN_OBJC_LITERAL_CONVERSION = YES;
				CLANG_WARN_OBJC_ROOT_CLASS = YES_ERROR;
				CLANG_WARN_QUOTED_INCLUDE_IN_FRAMEWORK_HEADER = YES;
				CLANG_WARN_RANGE_LOOP_ANALYSIS = YES;
				CLANG_WARN_STRICT_PROTOTYPES = YES;
				CLANG_WARN_SUSPICIOUS_MOVE = YES;
				CLANG_WARN_UNGUARDED_AVAILABILITY = YES_AGGRESSIVE;
				CLANG_WARN_UNREACHABLE_CODE = YES;
				CLANG_WARN__DUPLICATE_METHOD_MATCH = YES;
				COPY_PHASE_STRIP = NO;
				DEBUG_INFORMATION_FORMAT = dwarf;
				ENABLE_STRICT_OBJC_MSGSEND = YES;
				ENABLE_TESTABILITY = YES;
				GCC_C_LANGUAGE_STANDARD = gnu11;
				GCC_DYNAMIC_NO_PIC = NO;
				GCC_NO_COMMON_BLOCKS = YES;
				GCC_OPTIMIZATION_LEVEL = 0;
				GCC_PREPROCESSOR_DEFINITIONS = (
					"$(inherited)",
					"DEBUG=1",
				);
				GCC_WARN_64_TO_32_BIT_CONVERSION = YES;
				GCC_WARN_ABOUT_RETURN_TYPE = YES_ERROR;
				GCC_WARN_UNDECLARED_SELECTOR = YES;
				GCC_WARN_UNINITIALIZED_AUTOS = YES_AGGRESSIVE;
				GCC_WARN_UNUSED_FUNCTION = YES;
				GCC_WARN_UNUSED_VARIABLE = YES;
				IPHONEOS_DEPLOYMENT_TARGET = 15.0;
				MTL_ENABLE_DEBUG_INFO = INCLUDE_SOURCE;
				MTL_FAST_MATH = YES;
				ONLY_ACTIVE_ARCH = YES;
				PRODUCT_NAME = "$(TARGET_NAME)";
				SDKROOT = iphoneos;
				SWIFT_ACTIVE_COMPILATION_CONDITIONS = DEBUG;
				SWIFT_OPTIMIZATION_LEVEL = "-Onone";
				SWIFT_VERSION = 5.0;
			};
			name = Debug;
		};
		968A086D75FD7594975D73F1 /* Release */ = {
			isa = XCBuildConfiguration;
			buildSettings = {
				BUNDLE_LOADER = "$(TEST_HOST)";
				INFOPLIST_FILE = App/Tests/CI/Info.plist;
				LD_RUNPATH_SEARCH_PATHS = (
					"$(inherited)",
					"@executable_path/Frameworks",
					"@loader_path/Frameworks",
				);
				PRODUCT_BUNDLE_IDENTIFIER = com.matheusmartins.TVSeriesCI;
				PRODUCT_NAME = TVSeriesCI;
				SDKROOT = iphoneos;
				TARGETED_DEVICE_FAMILY = "1,2";
				TEST_HOST = "$(BUILT_PRODUCTS_DIR)/TVSeriesApp.app/TVSeriesApp";
			};
			name = Release;
		};
		B05B7821A3B958E68C58BD10 /* Debug */ = {
			isa = XCBuildConfiguration;
			buildSettings = {
				BUNDLE_LOADER = "$(TEST_HOST)";
				INFOPLIST_FILE = App/Tests/CI/Info.plist;
				LD_RUNPATH_SEARCH_PATHS = (
					"$(inherited)",
					"@executable_path/Frameworks",
					"@loader_path/Frameworks",
				);
				PRODUCT_BUNDLE_IDENTIFIER = com.matheusmartins.TVSeriesCI;
				PRODUCT_NAME = TVSeriesCI;
				SDKROOT = iphoneos;
				TARGETED_DEVICE_FAMILY = "1,2";
				TEST_HOST = "$(BUILT_PRODUCTS_DIR)/TVSeriesApp.app/TVSeriesApp";
			};
			name = Debug;
		};
		C72832E5322589065A184DBF /* Release */ = {
			isa = XCBuildConfiguration;
			buildSettings = {
				ASSETCATALOG_COMPILER_APPICON_NAME = AppIcon;
				CODE_SIGN_IDENTITY = "iPhone Developer";
				INFOPLIST_FILE = App/Info.plist;
				LD_RUNPATH_SEARCH_PATHS = (
					"$(inherited)",
					"@executable_path/Frameworks",
				);
				PRODUCT_BUNDLE_IDENTIFIER = com.matheusmartins.TVSeriesApp;
				PRODUCT_NAME = TVSeriesApp;
				SDKROOT = iphoneos;
				TARGETED_DEVICE_FAMILY = "1,2";
			};
			name = Release;
		};
		C79B452CF4A3DFC2421D4739 /* Debug */ = {
			isa = XCBuildConfiguration;
			buildSettings = {
				BUNDLE_LOADER = "$(TEST_HOST)";
				INFOPLIST_FILE = App/Tests/TVSeriesAppTests/Info.plist;
				LD_RUNPATH_SEARCH_PATHS = (
					"$(inherited)",
					"@executable_path/Frameworks",
					"@loader_path/Frameworks",
				);
				PRODUCT_BUNDLE_IDENTIFIER = com.matheusmartins.TVSeriesAppTests;
				PRODUCT_NAME = TVSeriesAppTests;
				SDKROOT = iphoneos;
				TARGETED_DEVICE_FAMILY = "1,2";
				TEST_HOST = "$(BUILT_PRODUCTS_DIR)/TVSeriesApp.app/TVSeriesApp";
			};
			name = Debug;
		};
		DB3B17590E3EDA679B4199A2 /* Debug */ = {
			isa = XCBuildConfiguration;
			buildSettings = {
				ASSETCATALOG_COMPILER_APPICON_NAME = AppIcon;
				CODE_SIGN_IDENTITY = "iPhone Developer";
				INFOPLIST_FILE = App/Info.plist;
				LD_RUNPATH_SEARCH_PATHS = (
					"$(inherited)",
					"@executable_path/Frameworks",
				);
				PRODUCT_BUNDLE_IDENTIFIER = com.matheusmartins.TVSeriesApp;
				PRODUCT_NAME = TVSeriesApp;
				SDKROOT = iphoneos;
				TARGETED_DEVICE_FAMILY = "1,2";
			};
			name = Debug;
		};
		F58CDD1C097EABB4EB83DAD6 /* Release */ = {
			isa = XCBuildConfiguration;
			buildSettings = {
				BUNDLE_LOADER = "$(TEST_HOST)";
				INFOPLIST_FILE = App/Tests/TVSeriesAppTests/Info.plist;
				LD_RUNPATH_SEARCH_PATHS = (
					"$(inherited)",
					"@executable_path/Frameworks",
					"@loader_path/Frameworks",
				);
				PRODUCT_BUNDLE_IDENTIFIER = com.matheusmartins.TVSeriesAppTests;
				PRODUCT_NAME = TVSeriesAppTests;
				SDKROOT = iphoneos;
				TARGETED_DEVICE_FAMILY = "1,2";
				TEST_HOST = "$(BUILT_PRODUCTS_DIR)/TVSeriesApp.app/TVSeriesApp";
			};
			name = Release;
		};
/* End XCBuildConfiguration section */

/* Begin XCConfigurationList section */
		32F321AE8CEA0BD8756939BB /* Build configuration list for PBXProject "TVSeriesApp" */ = {
			isa = XCConfigurationList;
			buildConfigurations = (
				2028665A8421D52F5C271787 /* Debug */,
				0F3002FCE63BF41A7507B191 /* Release */,
			);
			defaultConfigurationIsVisible = 0;
			defaultConfigurationName = Debug;
		};
		9A204F7CAFE7377122860C5F /* Build configuration list for PBXNativeTarget "TVSeriesAppTests" */ = {
			isa = XCConfigurationList;
			buildConfigurations = (
				C79B452CF4A3DFC2421D4739 /* Debug */,
				F58CDD1C097EABB4EB83DAD6 /* Release */,
			);
			defaultConfigurationIsVisible = 0;
			defaultConfigurationName = Debug;
		};
		E2AFB891C4F7EDC58BD567CC /* Build configuration list for PBXNativeTarget "TVSeriesApp" */ = {
			isa = XCConfigurationList;
			buildConfigurations = (
				DB3B17590E3EDA679B4199A2 /* Debug */,
				C72832E5322589065A184DBF /* Release */,
			);
			defaultConfigurationIsVisible = 0;
			defaultConfigurationName = Debug;
		};
		F2540FFD0EC082B32DCA84BB /* Build configuration list for PBXNativeTarget "TVSeriesCI" */ = {
			isa = XCConfigurationList;
			buildConfigurations = (
				B05B7821A3B958E68C58BD10 /* Debug */,
				968A086D75FD7594975D73F1 /* Release */,
			);
			defaultConfigurationIsVisible = 0;
			defaultConfigurationName = Debug;
		};
/* End XCConfigurationList section */
	};
	rootObject = 947F29BD922BA938D8EBB56A /* Project object */;
}
